NeoBundleLock neobundle.vim 1306c131ff0a6cc094b7ff0727350e442b5427f1
NeoBundleLock nerdcommenter 7f5c217f79b8fce063fec490ab0b2814dd480f08
NeoBundleLock syntastic 4a32e7e8d49899e040f25f679ca4b131adbb5788
NeoBundleLock unite.vim e1d3bb9f836a8645807b790345b69666bf22bb2f
NeoBundleLock vim-abolish b95463a1cffd8fc9aff2a1ff0ae9327944948699
NeoBundleLock vimproc.vim eb5b2b1248ccc8b1b9e84d7658508e38b964d17d
